{
<<<<<<< HEAD
  "lockfileVersion": 1
=======
  "name": "unitoto",
  "version": "1.0.0",
  "lockfileVersion": 1,
  "requires": true,
  "dependencies": {
    "formidable": {
      "version": "1.2.1",
      "resolved": "http://r.cnpmjs.org/formidable/download/formidable-1.2.1.tgz",
      "integrity": "sha1-cPt8oCkO5v+WEJBBX0s989IIJlk="
    }
  }
>>>>>>> ea1e47c1643348d8db36fc768c704a1c31fc510c
}
